
Microsoft Visual Studio Solution File, Format Version 12.00
# Visual Studio Version 17
VisualStudioVersion = 17.8.34330.188
MinimumVisualStudioVersion = 10.0.40219.1
Project("{9A19103F-16F7-4668-BE54-9A1E7A4F7556}") = "Metamorphosis.App", "src\Metamorphosis.App.csproj", "{58CDB570-214C-4B9D-A846-E19F3C23A47D}"
EndProject
Project("{9A19103F-16F7-4668-BE54-9A1E7A4F7556}") = "Metamorphosis.Test", "test\Metamorphosis.Test.csproj", "{D261D470-9876-444E-A2F9-2E2CD569BD34}"
EndProject
Global
	GlobalSection(SolutionConfigurationPlatforms) = preSolution
		Debug|Any CPU = Debug|Any CPU
		Release|Any CPU = Release|Any CPU
	EndGlobalSection
	GlobalSection(ProjectConfigurationPlatforms) = postSolution
		{58CDB570-214C-4B9D-A846-E19F3C23A47D}.Debug|Any CPU.ActiveCfg = Debug|Any CPU
		{58CDB570-214C-4B9D-A846-E19F3C23A47D}.Debug|Any CPU.Build.0 = Debug|Any CPU
		{58CDB570-214C-4B9D-A846-E19F3C23A47D}.Release|Any CPU.ActiveCfg = Release|Any CPU
		{58CDB570-214C-4B9D-A846-E19F3C23A47D}.Release|Any CPU.Build.0 = Release|Any CPU
		{D261D470-9876-444E-A2F9-2E2CD569BD34}.Debug|Any CPU.ActiveCfg = Debug|Any CPU
		{D261D470-9876-444E-A2F9-2E2CD569BD34}.Debug|Any CPU.Build.0 = Debug|Any CPU
		{D261D470-9876-444E-A2F9-2E2CD569BD34}.Release|Any CPU.ActiveCfg = Release|Any CPU
		{D261D470-9876-444E-A2F9-2E2CD569BD34}.Release|Any CPU.Build.0 = Release|Any CPU
	EndGlobalSection
	GlobalSection(SolutionProperties) = preSolution
		HideSolutionNode = FALSE
	EndGlobalSection
	GlobalSection(ExtensibilityGlobals) = postSolution
		SolutionGuid = {68287E27-1C32-44FE-A335-B23A7636EAB9}
	EndGlobalSection
EndGlobal
